
Microsoft Visual Studio Solution File, Format Version 12.00
# Visual Studio Version 17
VisualStudioVersion = 17.5.33627.172
MinimumVisualStudioVersion = 10.0.40219.1
Project("{FAE04EC0-301F-11D3-BF4B-00C04F79EFBC}") = "BlazorApp1", "BlazorApp1\BlazorApp1.csproj", "{5BCDEF04-404C-4C6F-B941-296C95BCF0BC}"
EndProject
Global
	GlobalSection(SolutionConfigurationPlatforms) = preSolution
		Debug|Any CPU = Debug|Any CPU
		Release|Any CPU = Release|Any CPU
	EndGlobalSection
	GlobalSection(ProjectConfigurationPlatforms) = postSolution
		{5BCDEF04-404C-4C6F-B941-296C95BCF0BC}.Debug|Any CPU.ActiveCfg = Debug|Any CPU
		{5BCDEF04-404C-4C6F-B941-296C95BCF0BC}.Debug|Any CPU.Build.0 = Debug|Any CPU
		{5BCDEF04-404C-4C6F-B941-296C95BCF0BC}.Release|Any CPU.ActiveCfg = Release|Any CPU
		{5BCDEF04-404C-4C6F-B941-296C95BCF0BC}.Release|Any CPU.Build.0 = Release|Any CPU
	EndGlobalSection
	GlobalSection(SolutionProperties) = preSolution
		HideSolutionNode = FALSE
	EndGlobalSection
	GlobalSection(ExtensibilityGlobals) = postSolution
		SolutionGuid = {355E6D44-026A-4CA2-920A-3E14A04B6EF7}
	EndGlobalSection
EndGlobal
